github.com/curi0s/learning-go-twitch-bot v0.0.0-20200308214127-fa79ff30597c h1:uWRIpHudetSneIXZcjOt76UiiBeDhthvz1z8TzPbdxM=
github.com/curi0s/learning-go-twitch-bot v0.0.0-20200308214127-fa79ff30597c/go.mod h1:KL1Tjhf9alrMQ4fxS23VvS5nnLHjBJcU34v1dg523bM=
github.com/davecgh/go-spew v1.1.1/go.mod h1:J7Y8YcW2NihsgmVo/mv3lAwl/skON4iLHjSsI+c5H38=
